
Microsoft Visual Studio Solution File, Format Version 12.00
# Visual Studio Version 17
VisualStudioVersion = 17.12.35521.163 d17.12
MinimumVisualStudioVersion = 10.0.40219.1
Project("{FAE04EC0-301F-11D3-BF4B-00C04F79EFBC}") = "NorthWindd.Entities", "NorthWindd.Entities\NorthWindd.Entities.csproj", "{F263F92B-521C-4526-9105-E87F2A13BBAD}"
EndProject
Project("{FAE04EC0-301F-11D3-BF4B-00C04F79EFBC}") = "NorthWind.ConsoleApp", "NorthWind.ConsoleApp\NorthWind.ConsoleApp.csproj", "{77D10CA4-7FB2-46DC-8F76-BC5B79495929}"
EndProject
Project("{FAE04EC0-301F-11D3-BF4B-00C04F79EFBC}") = "NorthWind.Writers", "NorthWind.Writers\NorthWind.Writers.csproj", "{83636CC8-EF54-4632-906B-59DD0BD1DE02}"
EndProject
Project("{FAE04EC0-301F-11D3-BF4B-00C04F79EFBC}") = "NorthWind.IoC", "NorthWind.IoC\NorthWind.IoC.csproj", "{BDA9F213-B68C-4C65-87B6-7CD1799B74C8}"
EndProject
Project("{FAE04EC0-301F-11D3-BF4B-00C04F79EFBC}") = "NorthWind.Core", "NorthWind.Core\NorthWind.Core.csproj", "{73E72605-9353-478D-8532-EAA61C239CE8}"
EndProject
Global
	GlobalSection(SolutionConfigurationPlatforms) = preSolution
		Debug|Any CPU = Debug|Any CPU
		Release|Any CPU = Release|Any CPU
	EndGlobalSection
	GlobalSection(ProjectConfigurationPlatforms) = postSolution
		{F263F92B-521C-4526-9105-E87F2A13BBAD}.Debug|Any CPU.ActiveCfg = Debug|Any CPU
		{F263F92B-521C-4526-9105-E87F2A13BBAD}.Debug|Any CPU.Build.0 = Debug|Any CPU
		{F263F92B-521C-4526-9105-E87F2A13BBAD}.Release|Any CPU.ActiveCfg = Release|Any CPU
		{F263F92B-521C-4526-9105-E87F2A13BBAD}.Release|Any CPU.Build.0 = Release|Any CPU
		{77D10CA4-7FB2-46DC-8F76-BC5B79495929}.Debug|Any CPU.ActiveCfg = Debug|Any CPU
		{77D10CA4-7FB2-46DC-8F76-BC5B79495929}.Debug|Any CPU.Build.0 = Debug|Any CPU
		{77D10CA4-7FB2-46DC-8F76-BC5B79495929}.Release|Any CPU.ActiveCfg = Release|Any CPU
		{77D10CA4-7FB2-46DC-8F76-BC5B79495929}.Release|Any CPU.Build.0 = Release|Any CPU
		{83636CC8-EF54-4632-906B-59DD0BD1DE02}.Debug|Any CPU.ActiveCfg = Debug|Any CPU
		{83636CC8-EF54-4632-906B-59DD0BD1DE02}.Debug|Any CPU.Build.0 = Debug|Any CPU
		{83636CC8-EF54-4632-906B-59DD0BD1DE02}.Release|Any CPU.ActiveCfg = Release|Any CPU
		{83636CC8-EF54-4632-906B-59DD0BD1DE02}.Release|Any CPU.Build.0 = Release|Any CPU
		{BDA9F213-B68C-4C65-87B6-7CD1799B74C8}.Debug|Any CPU.ActiveCfg = Debug|Any CPU
		{BDA9F213-B68C-4C65-87B6-7CD1799B74C8}.Debug|Any CPU.Build.0 = Debug|Any CPU
		{BDA9F213-B68C-4C65-87B6-7CD1799B74C8}.Release|Any CPU.ActiveCfg = Release|Any CPU
		{BDA9F213-B68C-4C65-87B6-7CD1799B74C8}.Release|Any CPU.Build.0 = Release|Any CPU
		{73E72605-9353-478D-8532-EAA61C239CE8}.Debug|Any CPU.ActiveCfg = Debug|Any CPU
		{73E72605-9353-478D-8532-EAA61C239CE8}.Debug|Any CPU.Build.0 = Debug|Any CPU
		{73E72605-9353-478D-8532-EAA61C239CE8}.Release|Any CPU.ActiveCfg = Release|Any CPU
		{73E72605-9353-478D-8532-EAA61C239CE8}.Release|Any CPU.Build.0 = Release|Any CPU
	EndGlobalSection
	GlobalSection(SolutionProperties) = preSolution
		HideSolutionNode = FALSE
	EndGlobalSection
EndGlobal
